
Microsoft Visual Studio Solution File, Format Version 12.00
# Visual Studio 15
VisualStudioVersion = 15.0.27130.2010
MinimumVisualStudioVersion = 10.0.40219.1
Project("{FAE04EC0-301F-11D3-BF4B-00C04F79EFBC}") = "DictionariesPractice", "DictionariesPractice\DictionariesPractice.csproj", "{F770B24C-794B-41C1-96E4-A48B25F58501}"
EndProject
Global
	GlobalSection(SolutionConfigurationPlatforms) = preSolution
		Debug|Any CPU = Debug|Any CPU
		Release|Any CPU = Release|Any CPU
	EndGlobalSection
	GlobalSection(ProjectConfigurationPlatforms) = postSolution
		{F770B24C-794B-41C1-96E4-A48B25F58501}.Debug|Any CPU.ActiveCfg = Debug|Any CPU
		{F770B24C-794B-41C1-96E4-A48B25F58501}.Debug|Any CPU.Build.0 = Debug|Any CPU
		{F770B24C-794B-41C1-96E4-A48B25F58501}.Release|Any CPU.ActiveCfg = Release|Any CPU
		{F770B24C-794B-41C1-96E4-A48B25F58501}.Release|Any CPU.Build.0 = Release|Any CPU
	EndGlobalSection
	GlobalSection(SolutionProperties) = preSolution
		HideSolutionNode = FALSE
	EndGlobalSection
	GlobalSection(ExtensibilityGlobals) = postSolution
		SolutionGuid = {7947A1F9-4192-4CCE-8F75-95E0FF5E6DF9}
	EndGlobalSection
EndGlobal
